
Microsoft Visual Studio Solution File, Format Version 12.00
# Visual Studio 15
VisualStudioVersion = 15.0.27130.2027
MinimumVisualStudioVersion = 10.0.40219.1
Project("{FAE04EC0-301F-11D3-BF4B-00C04F79EFBC}") = "TeamServicesGitSample", "TeamServicesGitSample\TeamServicesGitSample.csproj", "{46DA709F-D3B6-4E3D-B5AC-DD0CBDAAE0C8}"
EndProject
Global
	GlobalSection(SolutionConfigurationPlatforms) = preSolution
		Debug|Any CPU = Debug|Any CPU
		Release|Any CPU = Release|Any CPU
	EndGlobalSection
	GlobalSection(ProjectConfigurationPlatforms) = postSolution
		{46DA709F-D3B6-4E3D-B5AC-DD0CBDAAE0C8}.Debug|Any CPU.ActiveCfg = Debug|Any CPU
		{46DA709F-D3B6-4E3D-B5AC-DD0CBDAAE0C8}.Debug|Any CPU.Build.0 = Debug|Any CPU
		{46DA709F-D3B6-4E3D-B5AC-DD0CBDAAE0C8}.Release|Any CPU.ActiveCfg = Release|Any CPU
		{46DA709F-D3B6-4E3D-B5AC-DD0CBDAAE0C8}.Release|Any CPU.Build.0 = Release|Any CPU
	EndGlobalSection
	GlobalSection(SolutionProperties) = preSolution
		HideSolutionNode = FALSE
	EndGlobalSection
	GlobalSection(ExtensibilityGlobals) = postSolution
		SolutionGuid = {DF09B225-32F5-4B13-B79B-28D6930B55BF}
	EndGlobalSection
EndGlobal
